
Microsoft Visual Studio Solution File, Format Version 12.00
# Visual Studio Version 17
VisualStudioVersion = 17.4.33205.214
MinimumVisualStudioVersion = 10.0.40219.1
Project("{8BC9CEB8-8B4A-11D0-8D11-00A0C91BC942}") = "libvmx", "VMXCodec.vcxproj", "{309CE231-097C-4859-A431-68D3024FC89D}"
EndProject
Global
	GlobalSection(SolutionConfigurationPlatforms) = preSolution
		Debug|ARM64 = Debug|ARM64
		Debug|x64 = Debug|x64
		Release Library|ARM64 = Release Library|ARM64
		Release Library|x64 = Release Library|x64
		Release|ARM64 = Release|ARM64
		Release|x64 = Release|x64
	EndGlobalSection
	GlobalSection(ProjectConfigurationPlatforms) = postSolution
		{309CE231-097C-4859-A431-68D3024FC89D}.Debug|ARM64.ActiveCfg = Debug|ARM64
		{309CE231-097C-4859-A431-68D3024FC89D}.Debug|ARM64.Build.0 = Debug|ARM64
		{309CE231-097C-4859-A431-68D3024FC89D}.Debug|x64.ActiveCfg = Debug|x64
		{309CE231-097C-4859-A431-68D3024FC89D}.Debug|x64.Build.0 = Debug|x64
		{309CE231-097C-4859-A431-68D3024FC89D}.Release Library|ARM64.ActiveCfg = Release Library|ARM64
		{309CE231-097C-4859-A431-68D3024FC89D}.Release Library|ARM64.Build.0 = Release Library|ARM64
		{309CE231-097C-4859-A431-68D3024FC89D}.Release Library|x64.ActiveCfg = Release Library|x64
		{309CE231-097C-4859-A431-68D3024FC89D}.Release Library|x64.Build.0 = Release Library|x64
		{309CE231-097C-4859-A431-68D3024FC89D}.Release|ARM64.ActiveCfg = Release|ARM64
		{309CE231-097C-4859-A431-68D3024FC89D}.Release|ARM64.Build.0 = Release|ARM64
		{309CE231-097C-4859-A431-68D3024FC89D}.Release|x64.ActiveCfg = Release|x64
		{309CE231-097C-4859-A431-68D3024FC89D}.Release|x64.Build.0 = Release|x64
	EndGlobalSection
	GlobalSection(SolutionProperties) = preSolution
		HideSolutionNode = FALSE
	EndGlobalSection
	GlobalSection(ExtensibilityGlobals) = postSolution
		SolutionGuid = {1934B96D-5E3E-4D11-9C4D-92ACE4C6D05F}
	EndGlobalSection
EndGlobal
